
Microsoft Visual Studio Solution File, Format Version 12.00
# Visual Studio 14
VisualStudioVersion = 14.0.23107.0
MinimumVisualStudioVersion = 10.0.40219.1
Project("{FAE04EC0-301F-11D3-BF4B-00C04F79EFBC}") = "SportsEvents.Web", "SportsEvents.Web\SportsEvents.Web.csproj", "{576E849A-E05A-42A2-9E4A-19D5BC8C5F80}"
EndProject
Project("{FAE04EC0-301F-11D3-BF4B-00C04F79EFBC}") = "SportsEvents.Web.Tests", "SportsEvents.Web.Tests\SportsEvents.Web.Tests.csproj", "{077C8B7B-6056-479C-806A-E63863575091}"
EndProject
Project("{FAE04EC0-301F-11D3-BF4B-00C04F79EFBC}") = "SportsEvents.Entities", "SportsEvents.Entities\SportsEvents.Entities.csproj", "{029D949B-F42F-4F37-AA22-5B9DE5506C1D}"
EndProject
Project("{2150E333-8FDC-42A3-9474-1A3956D46DE8}") = "Queries", "Queries", "{E8909678-30C7-43D8-A80E-FFD9D6F31D65}"
	ProjectSection(SolutionItems) = preProject
		DELTE.sql = DELTE.sql
		SQLQuery4.sql = SQLQuery4.sql
	EndProjectSection
EndProject
Global
	GlobalSection(SolutionConfigurationPlatforms) = preSolution
		Debug|Any CPU = Debug|Any CPU
		Release|Any CPU = Release|Any CPU
	EndGlobalSection
	GlobalSection(ProjectConfigurationPlatforms) = postSolution
		{576E849A-E05A-42A2-9E4A-19D5BC8C5F80}.Debug|Any CPU.ActiveCfg = Debug|Any CPU
		{576E849A-E05A-42A2-9E4A-19D5BC8C5F80}.Debug|Any CPU.Build.0 = Debug|Any CPU
		{576E849A-E05A-42A2-9E4A-19D5BC8C5F80}.Release|Any CPU.ActiveCfg = Release|Any CPU
		{576E849A-E05A-42A2-9E4A-19D5BC8C5F80}.Release|Any CPU.Build.0 = Release|Any CPU
		{077C8B7B-6056-479C-806A-E63863575091}.Debug|Any CPU.ActiveCfg = Debug|Any CPU
		{077C8B7B-6056-479C-806A-E63863575091}.Debug|Any CPU.Build.0 = Debug|Any CPU
		{077C8B7B-6056-479C-806A-E63863575091}.Release|Any CPU.ActiveCfg = Release|Any CPU
		{077C8B7B-6056-479C-806A-E63863575091}.Release|Any CPU.Build.0 = Release|Any CPU
		{029D949B-F42F-4F37-AA22-5B9DE5506C1D}.Debug|Any CPU.ActiveCfg = Debug|Any CPU
		{029D949B-F42F-4F37-AA22-5B9DE5506C1D}.Debug|Any CPU.Build.0 = Debug|Any CPU
		{029D949B-F42F-4F37-AA22-5B9DE5506C1D}.Release|Any CPU.ActiveCfg = Release|Any CPU
		{029D949B-F42F-4F37-AA22-5B9DE5506C1D}.Release|Any CPU.Build.0 = Release|Any CPU
	EndGlobalSection
	GlobalSection(SolutionProperties) = preSolution
		HideSolutionNode = FALSE
	EndGlobalSection
EndGlobal
